
Microsoft Visual Studio Solution File, Format Version 12.00
# Visual Studio 15
VisualStudioVersion = 15.0.28307.421
MinimumVisualStudioVersion = 10.0.40219.1
Project("{FAE04EC0-301F-11D3-BF4B-00C04F79EFBC}") = "PushNotification", "PushNotification\PushNotification.csproj", "{DA7CCACB-7109-482C-89F9-61A044C8F60E}"
EndProject
Global
	GlobalSection(SolutionConfigurationPlatforms) = preSolution
		Debug|Any CPU = Debug|Any CPU
		Release|Any CPU = Release|Any CPU
	EndGlobalSection
	GlobalSection(ProjectConfigurationPlatforms) = postSolution
		{DA7CCACB-7109-482C-89F9-61A044C8F60E}.Debug|Any CPU.ActiveCfg = Debug|Any CPU
		{DA7CCACB-7109-482C-89F9-61A044C8F60E}.Debug|Any CPU.Build.0 = Debug|Any CPU
		{DA7CCACB-7109-482C-89F9-61A044C8F60E}.Release|Any CPU.ActiveCfg = Release|Any CPU
		{DA7CCACB-7109-482C-89F9-61A044C8F60E}.Release|Any CPU.Build.0 = Release|Any CPU
	EndGlobalSection
	GlobalSection(SolutionProperties) = preSolution
		HideSolutionNode = FALSE
	EndGlobalSection
	GlobalSection(ExtensibilityGlobals) = postSolution
		SolutionGuid = {10607BC5-580F-4C89-AA8F-EB2D508EDB1B}
	EndGlobalSection
EndGlobal
