
Microsoft Visual Studio Solution File, Format Version 12.00
# Visual Studio 15
VisualStudioVersion = 15.0.28307.421
MinimumVisualStudioVersion = 10.0.40219.1
Project("{FAE04EC0-301F-11D3-BF4B-00C04F79EFBC}") = "WebApplication1", "WebApplication1\WebApplication1.csproj", "{43DE0648-092E-45B9-A725-66FF552C1112}"
EndProject
Project("{2150E333-8FDC-42A3-9474-1A3956D46DE8}") = "Model", "Model", "{D58BD3EB-A342-4553-A80D-3376DC34478C}"
EndProject
Global
	GlobalSection(SolutionConfigurationPlatforms) = preSolution
		Debug|Any CPU = Debug|Any CPU
		Release|Any CPU = Release|Any CPU
	EndGlobalSection
	GlobalSection(ProjectConfigurationPlatforms) = postSolution
		{43DE0648-092E-45B9-A725-66FF552C1112}.Debug|Any CPU.ActiveCfg = Debug|Any CPU
		{43DE0648-092E-45B9-A725-66FF552C1112}.Debug|Any CPU.Build.0 = Debug|Any CPU
		{43DE0648-092E-45B9-A725-66FF552C1112}.Release|Any CPU.ActiveCfg = Release|Any CPU
		{43DE0648-092E-45B9-A725-66FF552C1112}.Release|Any CPU.Build.0 = Release|Any CPU
	EndGlobalSection
	GlobalSection(SolutionProperties) = preSolution
		HideSolutionNode = FALSE
	EndGlobalSection
	GlobalSection(ExtensibilityGlobals) = postSolution
		SolutionGuid = {A692E202-F1BF-4CDC-8421-2DDDEDEF1B89}
	EndGlobalSection
EndGlobal
