
Microsoft Visual Studio Solution File, Format Version 12.00
# Visual Studio 15
VisualStudioVersion = 15.0.28307.421
MinimumVisualStudioVersion = 10.0.40219.1
Project("{FAE04EC0-301F-11D3-BF4B-00C04F79EFBC}") = "Asp.netMvcTuitorial", "Asp.netMvcTuitorial\Asp.netMvcTuitorial.csproj", "{9C2A2890-D73F-47F4-9AA7-4BF39185097D}"
EndProject
Global
	GlobalSection(SolutionConfigurationPlatforms) = preSolution
		Debug|Any CPU = Debug|Any CPU
		Release|Any CPU = Release|Any CPU
	EndGlobalSection
	GlobalSection(ProjectConfigurationPlatforms) = postSolution
		{9C2A2890-D73F-47F4-9AA7-4BF39185097D}.Debug|Any CPU.ActiveCfg = Debug|Any CPU
		{9C2A2890-D73F-47F4-9AA7-4BF39185097D}.Debug|Any CPU.Build.0 = Debug|Any CPU
		{9C2A2890-D73F-47F4-9AA7-4BF39185097D}.Release|Any CPU.ActiveCfg = Release|Any CPU
		{9C2A2890-D73F-47F4-9AA7-4BF39185097D}.Release|Any CPU.Build.0 = Release|Any CPU
	EndGlobalSection
	GlobalSection(SolutionProperties) = preSolution
		HideSolutionNode = FALSE
	EndGlobalSection
	GlobalSection(ExtensibilityGlobals) = postSolution
		SolutionGuid = {F008A7DF-D75D-47C8-8A50-9633A75AF8AA}
	EndGlobalSection
EndGlobal
